
Microsoft Visual Studio Solution File, Format Version 12.00
# Visual Studio Version 16
VisualStudioVersion = 16.0.28803.352
MinimumVisualStudioVersion = 10.0.40219.1
Project("{FAE04EC0-301F-11D3-BF4B-00C04F79EFBC}") = "Prototipo2", "Prototipo2\Prototipo2.csproj", "{AF6F7747-847B-4D6D-8684-6615D7FF1B3D}"
EndProject
Project("{D954291E-2A0B-460D-934E-DC6B0785DB48}") = "Base", "Base\Base.shproj", "{A1E6330C-935A-4756-B231-82B4EB2C3E0F}"
EndProject
Project("{FAE04EC0-301F-11D3-BF4B-00C04F79EFBC}") = "Modelagem", "Modelagem\Modelagem.csproj", "{28FEDD2F-91DF-4C43-914C-FD754D12F668}"
EndProject
Project("{FAE04EC0-301F-11D3-BF4B-00C04F79EFBC}") = "Prototipo1", "Prototipo1\Prototipo1.csproj", "{89622E61-1654-4C9F-8E7E-1F2B74EFC1D2}"
EndProject
Project("{D954291E-2A0B-460D-934E-DC6B0785DB48}") = "Dialogo", "Dialogo\Dialogo.shproj", "{1C5417F0-6E85-46A5-AB56-850E3103611D}"
EndProject
Project("{D954291E-2A0B-460D-934E-DC6B0785DB48}") = "Execucao", "Execucao\Execucao.shproj", "{04603367-23F5-415C-AC13-A51FF4CDDFBD}"
EndProject
Project("{D954291E-2A0B-460D-934E-DC6B0785DB48}") = "BibliotecaPadrao", "BibliotecaPadrao\BibliotecaPadrao.shproj", "{B70FABFB-4F44-492F-B9F0-8D882D8C74B8}"
EndProject
Global
	GlobalSection(SharedMSBuildProjectFiles) = preSolution
		Execucao\Execucao.projitems*{04603367-23f5-415c-ac13-a51ff4cddfbd}*SharedItemsImports = 13
		Dialogo\Dialogo.projitems*{1c5417f0-6e85-46a5-ab56-850e3103611d}*SharedItemsImports = 13
		Base\Base.projitems*{28fedd2f-91df-4c43-914c-fd754d12f668}*SharedItemsImports = 4
		BibliotecaPadrao\BibliotecaPadrao.projitems*{28fedd2f-91df-4c43-914c-fd754d12f668}*SharedItemsImports = 4
		Dialogo\Dialogo.projitems*{28fedd2f-91df-4c43-914c-fd754d12f668}*SharedItemsImports = 4
		Execucao\Execucao.projitems*{28fedd2f-91df-4c43-914c-fd754d12f668}*SharedItemsImports = 4
		Base\Base.projitems*{89622e61-1654-4c9f-8e7e-1f2b74efc1d2}*SharedItemsImports = 4
		BibliotecaPadrao\BibliotecaPadrao.projitems*{89622e61-1654-4c9f-8e7e-1f2b74efc1d2}*SharedItemsImports = 4
		Dialogo\Dialogo.projitems*{89622e61-1654-4c9f-8e7e-1f2b74efc1d2}*SharedItemsImports = 4
		Execucao\Execucao.projitems*{89622e61-1654-4c9f-8e7e-1f2b74efc1d2}*SharedItemsImports = 4
		Base\Base.projitems*{a1e6330c-935a-4756-b231-82b4eb2c3e0f}*SharedItemsImports = 13
		Base\Base.projitems*{af6f7747-847b-4d6d-8684-6615d7ff1b3d}*SharedItemsImports = 4
		BibliotecaPadrao\BibliotecaPadrao.projitems*{af6f7747-847b-4d6d-8684-6615d7ff1b3d}*SharedItemsImports = 4
		Dialogo\Dialogo.projitems*{af6f7747-847b-4d6d-8684-6615d7ff1b3d}*SharedItemsImports = 4
		Execucao\Execucao.projitems*{af6f7747-847b-4d6d-8684-6615d7ff1b3d}*SharedItemsImports = 4
		BibliotecaPadrao\BibliotecaPadrao.projitems*{b70fabfb-4f44-492f-b9f0-8d882d8c74b8}*SharedItemsImports = 13
	EndGlobalSection
	GlobalSection(SolutionConfigurationPlatforms) = preSolution
		Debug|Any CPU = Debug|Any CPU
		Release|Any CPU = Release|Any CPU
		Description = Projeto Pandora de Automação
	EndGlobalSection
	GlobalSection(ProjectConfigurationPlatforms) = postSolution
		{AF6F7747-847B-4D6D-8684-6615D7FF1B3D}.Debug|Any CPU.ActiveCfg = Debug|Any CPU
		{AF6F7747-847B-4D6D-8684-6615D7FF1B3D}.Debug|Any CPU.Build.0 = Debug|Any CPU
		{AF6F7747-847B-4D6D-8684-6615D7FF1B3D}.Release|Any CPU.ActiveCfg = Release|Any CPU
		{AF6F7747-847B-4D6D-8684-6615D7FF1B3D}.Release|Any CPU.Build.0 = Release|Any CPU
		{28FEDD2F-91DF-4C43-914C-FD754D12F668}.Debug|Any CPU.ActiveCfg = Debug|Any CPU
		{28FEDD2F-91DF-4C43-914C-FD754D12F668}.Debug|Any CPU.Build.0 = Debug|Any CPU
		{28FEDD2F-91DF-4C43-914C-FD754D12F668}.Release|Any CPU.ActiveCfg = Release|Any CPU
		{28FEDD2F-91DF-4C43-914C-FD754D12F668}.Release|Any CPU.Build.0 = Release|Any CPU
		{89622E61-1654-4C9F-8E7E-1F2B74EFC1D2}.Debug|Any CPU.ActiveCfg = Debug|Any CPU
		{89622E61-1654-4C9F-8E7E-1F2B74EFC1D2}.Debug|Any CPU.Build.0 = Debug|Any CPU
		{89622E61-1654-4C9F-8E7E-1F2B74EFC1D2}.Release|Any CPU.ActiveCfg = Release|Any CPU
		{89622E61-1654-4C9F-8E7E-1F2B74EFC1D2}.Release|Any CPU.Build.0 = Release|Any CPU
	EndGlobalSection
	GlobalSection(SolutionProperties) = preSolution
		HideSolutionNode = FALSE
	EndGlobalSection
	GlobalSection(ExtensibilityGlobals) = postSolution
		SolutionGuid = {5D018767-5DC2-4BDF-A351-17BD3FBB69C5}
	EndGlobalSection
EndGlobal
